
Microsoft Visual Studio Solution File, Format Version 12.00
# Visual Studio Version 17
VisualStudioVersion = 17.0.31912.275
MinimumVisualStudioVersion = 10.0.40219.1
Project("{2150E333-8FDC-42A3-9474-1A3956D46DE8}") = "Server", "Server", "{A0148C2E-DA94-4201-A6B0-A9741FF4D5B0}"
EndProject
Project("{2150E333-8FDC-42A3-9474-1A3956D46DE8}") = "Client", "Client", "{A871D777-F8B3-4D5A-A818-F302E170C3EE}"
EndProject
Project("{9A19103F-16F7-4668-BE54-9A1E7A4F7556}") = "KafkaServer", "Server\KafkaServer.csproj", "{E5434012-52C4-4957-96E6-CFC0EC0F28FF}"
EndProject
Project("{2150E333-8FDC-42A3-9474-1A3956D46DE8}") = "1_intro", "1_intro", "{40737B76-7760-4EBE-B14F-D5D04DBD880D}"
EndProject
Project("{9A19103F-16F7-4668-BE54-9A1E7A4F7556}") = "Consumer", "Client\1_intro\Consumer\Consumer.csproj", "{377BC43D-2101-4A65-85EF-F74CA291A551}"
EndProject
Project("{9A19103F-16F7-4668-BE54-9A1E7A4F7556}") = "Producer", "Client\1_intro\Producer\Producer.csproj", "{9FD6D79F-30A0-4F3F-9DC8-E4D7802E342F}"
EndProject
Project("{2150E333-8FDC-42A3-9474-1A3956D46DE8}") = "2_TimeOff", "2_TimeOff", "{F5862C70-D579-4C4C-B0D8-1E34D4BDE1D8}"
EndProject
Project("{FAE04EC0-301F-11D3-BF4B-00C04F79EFBC}") = "TimeOff", "Client\2_timeoff\TimeOff\TimeOff.csproj", "{0CD9D529-311F-4BB7-A60F-348B259DE0DE}"
EndProject
Global
	GlobalSection(SolutionConfigurationPlatforms) = preSolution
		Debug|Any CPU = Debug|Any CPU
		Release|Any CPU = Release|Any CPU
	EndGlobalSection
	GlobalSection(ProjectConfigurationPlatforms) = postSolution
		{E5434012-52C4-4957-96E6-CFC0EC0F28FF}.Debug|Any CPU.ActiveCfg = Debug|Any CPU
		{E5434012-52C4-4957-96E6-CFC0EC0F28FF}.Debug|Any CPU.Build.0 = Debug|Any CPU
		{E5434012-52C4-4957-96E6-CFC0EC0F28FF}.Release|Any CPU.ActiveCfg = Release|Any CPU
		{E5434012-52C4-4957-96E6-CFC0EC0F28FF}.Release|Any CPU.Build.0 = Release|Any CPU
		{377BC43D-2101-4A65-85EF-F74CA291A551}.Debug|Any CPU.ActiveCfg = Debug|Any CPU
		{377BC43D-2101-4A65-85EF-F74CA291A551}.Debug|Any CPU.Build.0 = Debug|Any CPU
		{377BC43D-2101-4A65-85EF-F74CA291A551}.Release|Any CPU.ActiveCfg = Release|Any CPU
		{377BC43D-2101-4A65-85EF-F74CA291A551}.Release|Any CPU.Build.0 = Release|Any CPU
		{9FD6D79F-30A0-4F3F-9DC8-E4D7802E342F}.Debug|Any CPU.ActiveCfg = Debug|Any CPU
		{9FD6D79F-30A0-4F3F-9DC8-E4D7802E342F}.Debug|Any CPU.Build.0 = Debug|Any CPU
		{9FD6D79F-30A0-4F3F-9DC8-E4D7802E342F}.Release|Any CPU.ActiveCfg = Release|Any CPU
		{9FD6D79F-30A0-4F3F-9DC8-E4D7802E342F}.Release|Any CPU.Build.0 = Release|Any CPU
		{0CD9D529-311F-4BB7-A60F-348B259DE0DE}.Debug|Any CPU.ActiveCfg = Debug|Any CPU
		{0CD9D529-311F-4BB7-A60F-348B259DE0DE}.Debug|Any CPU.Build.0 = Debug|Any CPU
		{0CD9D529-311F-4BB7-A60F-348B259DE0DE}.Release|Any CPU.ActiveCfg = Release|Any CPU
		{0CD9D529-311F-4BB7-A60F-348B259DE0DE}.Release|Any CPU.Build.0 = Release|Any CPU
	EndGlobalSection
	GlobalSection(SolutionProperties) = preSolution
		HideSolutionNode = FALSE
	EndGlobalSection
	GlobalSection(NestedProjects) = preSolution
		{E5434012-52C4-4957-96E6-CFC0EC0F28FF} = {A0148C2E-DA94-4201-A6B0-A9741FF4D5B0}
		{40737B76-7760-4EBE-B14F-D5D04DBD880D} = {A871D777-F8B3-4D5A-A818-F302E170C3EE}
		{377BC43D-2101-4A65-85EF-F74CA291A551} = {40737B76-7760-4EBE-B14F-D5D04DBD880D}
		{9FD6D79F-30A0-4F3F-9DC8-E4D7802E342F} = {40737B76-7760-4EBE-B14F-D5D04DBD880D}
		{F5862C70-D579-4C4C-B0D8-1E34D4BDE1D8} = {A871D777-F8B3-4D5A-A818-F302E170C3EE}
		{0CD9D529-311F-4BB7-A60F-348B259DE0DE} = {F5862C70-D579-4C4C-B0D8-1E34D4BDE1D8}
	EndGlobalSection
	GlobalSection(ExtensibilityGlobals) = postSolution
		SolutionGuid = {3F058FD0-C767-4B78-9694-2C70BB20B767}
	EndGlobalSection
EndGlobal
